{
  "requires": true,
  "lockfileVersion": 1,
  "dependencies": {
    "gitbook-plugin-back-to-top-button": {
      "version": "0.1.4",
      "resolved": "https://registry.npmjs.org/gitbook-plugin-back-to-top-button/-/gitbook-plugin-back-to-top-button-0.1.4.tgz",
      "integrity": "sha1-5iGDOLDvGdWOb2YAmUNQt26ANd8="
    },
    "gitbook-plugin-chapter-fold": {
      "version": "0.0.4",
      "resolved": "https://registry.npmjs.org/gitbook-plugin-chapter-fold/-/gitbook-plugin-chapter-fold-0.0.4.tgz",
      "integrity": "sha1-3NWiH4C8vJjAiEGXdMOXrm1EY+8="
    },
    "gitbook-plugin-copy-code-button": {
      "version": "0.0.2",
      "resolved": "https://registry.npmjs.org/gitbook-plugin-copy-code-button/-/gitbook-plugin-copy-code-button-0.0.2.tgz",
      "integrity": "sha1-Q0UzIAtc9ZbChMFOHYu1d3IIRHU="
    },
    "gitbook-plugin-hide-element": {
      "version": "0.0.4",
      "resolved": "https://registry.npmjs.org/gitbook-plugin-hide-element/-/gitbook-plugin-hide-element-0.0.4.tgz",
      "integrity": "sha1-k6Pedq7r1TUmFZfSV/cYdvDR3DQ="
    },
    "gitbook-plugin-pageview-count": {
      "version": "1.0.1",
      "resolved": "https://registry.npmjs.org/gitbook-plugin-pageview-count/-/gitbook-plugin-pageview-count-1.0.1.tgz",
      "integrity": "sha512-5lb2tSTTxvt7Su8dhPlKCO8sYwIA15MJPmlVTa/WcH3SEphlGLb4Z0DzvfHxfzn33ilbJTljwk28yOzw/tpFhA=="
    }
  }
}
